
Microsoft Visual Studio Solution File, Format Version 12.00
# Visual Studio 14
VisualStudioVersion = 14.0.25420.1
MinimumVisualStudioVersion = 10.0.40219.1
Project("{8BC9CEB8-8B4A-11D0-8D11-00A0C91BC942}") = "FeatureTrackingAccuracy", "FeatureTrackingAccuracy.vcxproj", "{6B96E069-CE28-4265-8D59-1DCE71225386}"
EndProject
Project("{888888A0-9F3D-457C-B088-3A5042F75D52}") = "processFeatureTracking", "processFeatureTracking.pyproj", "{7BF07AC0-B434-4E7D-B6D8-3F5F0750268F}"
EndProject
Project("{888888A0-9F3D-457C-B088-3A5042F75D52}") = "featureStatAggregator", "featureStatAggregator.pyproj", "{EE7F879E-0327-43D9-89F3-53AB27977061}"
EndProject
Global
	GlobalSection(SolutionConfigurationPlatforms) = preSolution
		Debug|Any CPU = Debug|Any CPU
		Debug|x64 = Debug|x64
		Debug|x86 = Debug|x86
		Release|Any CPU = Release|Any CPU
		Release|x64 = Release|x64
		Release|x86 = Release|x86
	EndGlobalSection
	GlobalSection(ProjectConfigurationPlatforms) = postSolution
		{6B96E069-CE28-4265-8D59-1DCE71225386}.Debug|Any CPU.ActiveCfg = Debug|Win32
		{6B96E069-CE28-4265-8D59-1DCE71225386}.Debug|x64.ActiveCfg = Debug|x64
		{6B96E069-CE28-4265-8D59-1DCE71225386}.Debug|x64.Build.0 = Debug|x64
		{6B96E069-CE28-4265-8D59-1DCE71225386}.Debug|x86.ActiveCfg = Debug|Win32
		{6B96E069-CE28-4265-8D59-1DCE71225386}.Debug|x86.Build.0 = Debug|Win32
		{6B96E069-CE28-4265-8D59-1DCE71225386}.Release|Any CPU.ActiveCfg = Release|Win32
		{6B96E069-CE28-4265-8D59-1DCE71225386}.Release|x64.ActiveCfg = Release|x64
		{6B96E069-CE28-4265-8D59-1DCE71225386}.Release|x64.Build.0 = Release|x64
		{6B96E069-CE28-4265-8D59-1DCE71225386}.Release|x86.ActiveCfg = Release|Win32
		{6B96E069-CE28-4265-8D59-1DCE71225386}.Release|x86.Build.0 = Release|Win32
		{7BF07AC0-B434-4E7D-B6D8-3F5F0750268F}.Debug|Any CPU.ActiveCfg = Debug|Any CPU
		{7BF07AC0-B434-4E7D-B6D8-3F5F0750268F}.Debug|x64.ActiveCfg = Debug|Any CPU
		{7BF07AC0-B434-4E7D-B6D8-3F5F0750268F}.Debug|x86.ActiveCfg = Debug|Any CPU
		{7BF07AC0-B434-4E7D-B6D8-3F5F0750268F}.Release|Any CPU.ActiveCfg = Release|Any CPU
		{7BF07AC0-B434-4E7D-B6D8-3F5F0750268F}.Release|x64.ActiveCfg = Release|Any CPU
		{7BF07AC0-B434-4E7D-B6D8-3F5F0750268F}.Release|x86.ActiveCfg = Release|Any CPU
		{EE7F879E-0327-43D9-89F3-53AB27977061}.Debug|Any CPU.ActiveCfg = Debug|Any CPU
		{EE7F879E-0327-43D9-89F3-53AB27977061}.Debug|x64.ActiveCfg = Debug|Any CPU
		{EE7F879E-0327-43D9-89F3-53AB27977061}.Debug|x86.ActiveCfg = Debug|Any CPU
		{EE7F879E-0327-43D9-89F3-53AB27977061}.Release|Any CPU.ActiveCfg = Release|Any CPU
		{EE7F879E-0327-43D9-89F3-53AB27977061}.Release|x64.ActiveCfg = Release|Any CPU
		{EE7F879E-0327-43D9-89F3-53AB27977061}.Release|x86.ActiveCfg = Release|Any CPU
	EndGlobalSection
	GlobalSection(SolutionProperties) = preSolution
		HideSolutionNode = FALSE
	EndGlobalSection
EndGlobal
